
Microsoft Visual Studio Solution File, Format Version 12.00
# Visual Studio Version 17
VisualStudioVersion = 17.8.34408.163
MinimumVisualStudioVersion = 10.0.40219.1
Project("{9A19103F-16F7-4668-BE54-9A1E7A4F7556}") = "editConfigApp", "editConfigApp.csproj", "{620D68E0-4F29-427B-AA17-445E77434C77}"
EndProject
Global
	GlobalSection(SolutionConfigurationPlatforms) = preSolution
		Debug|Any CPU = Debug|Any CPU
		Release|Any CPU = Release|Any CPU
	EndGlobalSection
	GlobalSection(ProjectConfigurationPlatforms) = postSolution
		{620D68E0-4F29-427B-AA17-445E77434C77}.Debug|Any CPU.ActiveCfg = Debug|Any CPU
		{620D68E0-4F29-427B-AA17-445E77434C77}.Debug|Any CPU.Build.0 = Debug|Any CPU
		{620D68E0-4F29-427B-AA17-445E77434C77}.Release|Any CPU.ActiveCfg = Release|Any CPU
		{620D68E0-4F29-427B-AA17-445E77434C77}.Release|Any CPU.Build.0 = Release|Any CPU
	EndGlobalSection
	GlobalSection(SolutionProperties) = preSolution
		HideSolutionNode = FALSE
	EndGlobalSection
	GlobalSection(ExtensibilityGlobals) = postSolution
		SolutionGuid = {B1D89045-CD9E-4352-8D6C-655A0E98FC3F}
	EndGlobalSection
EndGlobal
